// !$*UTF8*$!
{
	archiveVersion = 1;
	classes = {
	};
	objectVersion = 56;
	objects = {

/* Begin PBXBuildFile section */
		7B09837D2B59CDBA0043BB1E /* AppDelegate.swift in Sources */ = {isa = PBXBuildFile; fileRef = 7B09837C2B59CDBA0043BB1E /* AppDelegate.swift */; };
		7B09837F2B59CDBA0043BB1E /* SceneDelegate.swift in Sources */ = {isa = PBXBuildFile; fileRef = 7B09837E2B59CDBA0043BB1E /* SceneDelegate.swift */; };
		7B0983842B59CDBA0043BB1E /* Main.storyboard in Resources */ = {isa = PBXBuildFile; fileRef = 7B0983822B59CDBA0043BB1E /* Main.storyboard */; };
		7B0983872B59CDBA0043BB1E /* MovieSaver.xcdatamodeld in Sources */ = {isa = PBXBuildFile; fileRef = 7B0983852B59CDBA0043BB1E /* MovieSaver.xcdatamodeld */; };
		7B0983892B59CDBC0043BB1E /* Assets.xcassets in Resources */ = {isa = PBXBuildFile; fileRef = 7B0983882B59CDBC0043BB1E /* Assets.xcassets */; };
		7B09838C2B59CDBC0043BB1E /* LaunchScreen.storyboard in Resources */ = {isa = PBXBuildFile; fileRef = 7B09838A2B59CDBC0043BB1E /* LaunchScreen.storyboard */; };
		7B0983952B59D2090043BB1E /* MovieListViewController.swift in Sources */ = {isa = PBXBuildFile; fileRef = 7B0983942B59D2090043BB1E /* MovieListViewController.swift */; };
		7B0983972B59D2170043BB1E /* MovieListBuilder.swift in Sources */ = {isa = PBXBuildFile; fileRef = 7B0983962B59D2170043BB1E /* MovieListBuilder.swift */; };
		7B0983992B59D2290043BB1E /* MovieListPresenter.swift in Sources */ = {isa = PBXBuildFile; fileRef = 7B0983982B59D2290043BB1E /* MovieListPresenter.swift */; };
		7B09839D2B59D6230043BB1E /* UIColor + Extensions.swift in Sources */ = {isa = PBXBuildFile; fileRef = 7B09839C2B59D6230043BB1E /* UIColor + Extensions.swift */; };
		7B09839F2B59D6400043BB1E /* UIView + Extensions.swift in Sources */ = {isa = PBXBuildFile; fileRef = 7B09839E2B59D6400043BB1E /* UIView + Extensions.swift */; };
		7B0983A32B59DE510043BB1E /* MovieTableViewCell.swift in Sources */ = {isa = PBXBuildFile; fileRef = 7B0983A22B59DE510043BB1E /* MovieTableViewCell.swift */; };
		7B0983A52B59E5270043BB1E /* UIFont + Extensions.swift in Sources */ = {isa = PBXBuildFile; fileRef = 7B0983A42B59E5270043BB1E /* UIFont + Extensions.swift */; };
		7B0983AE2B59E8280043BB1E /* Manrope-Medium.ttf in Resources */ = {isa = PBXBuildFile; fileRef = 7B0983A72B59E8280043BB1E /* Manrope-Medium.ttf */; };
		7B0983AF2B59E8280043BB1E /* Manrope-SemiBold.ttf in Resources */ = {isa = PBXBuildFile; fileRef = 7B0983A82B59E8280043BB1E /* Manrope-SemiBold.ttf */; };
		7B0983B02B59E8280043BB1E /* Manrope-ExtraBold.ttf in Resources */ = {isa = PBXBuildFile; fileRef = 7B0983A92B59E8280043BB1E /* Manrope-ExtraBold.ttf */; };
		7B0983B12B59E8280043BB1E /* Manrope-Regular.ttf in Resources */ = {isa = PBXBuildFile; fileRef = 7B0983AA2B59E8280043BB1E /* Manrope-Regular.ttf */; };
		7B0983B22B59E8280043BB1E /* Manrope-ExtraLight.ttf in Resources */ = {isa = PBXBuildFile; fileRef = 7B0983AB2B59E8280043BB1E /* Manrope-ExtraLight.ttf */; };
		7B0983B32B59E8280043BB1E /* Manrope-Light.ttf in Resources */ = {isa = PBXBuildFile; fileRef = 7B0983AC2B59E8280043BB1E /* Manrope-Light.ttf */; };
		7B0983B42B59E8280043BB1E /* Manrope-Bold.ttf in Resources */ = {isa = PBXBuildFile; fileRef = 7B0983AD2B59E8280043BB1E /* Manrope-Bold.ttf */; };
		7B0983B72B5A71480043BB1E /* MovieDetailsViewController.swift in Sources */ = {isa = PBXBuildFile; fileRef = 7B0983B62B5A71480043BB1E /* MovieDetailsViewController.swift */; };
		7B0983B92B5A71530043BB1E /* MovieDetailPresenter.swift in Sources */ = {isa = PBXBuildFile; fileRef = 7B0983B82B5A71530043BB1E /* MovieDetailPresenter.swift */; };
		7B0983BB2B5A715D0043BB1E /* MovieDetailsBuilder.swift in Sources */ = {isa = PBXBuildFile; fileRef = 7B0983BA2B5A715D0043BB1E /* MovieDetailsBuilder.swift */; };
/* End PBXBuildFile section */

/* Begin PBXFileReference section */
		7B0983792B59CDBA0043BB1E /* MovieSaver.app */ = {isa = PBXFileReference; explicitFileType = wrapper.application; includeInIndex = 0; path = MovieSaver.app; sourceTree = BUILT_PRODUCTS_DIR; };
		7B09837C2B59CDBA0043BB1E /* AppDelegate.swift */ = {isa = PBXFileReference; lastKnownFileType = sourcecode.swift; path = AppDelegate.swift; sourceTree = "<group>"; };
		7B09837E2B59CDBA0043BB1E /* SceneDelegate.swift */ = {isa = PBXFileReference; lastKnownFileType = sourcecode.swift; path = SceneDelegate.swift; sourceTree = "<group>"; };
		7B0983832B59CDBA0043BB1E /* Base */ = {isa = PBXFileReference; lastKnownFileType = file.storyboard; name = Base; path = Base.lproj/Main.storyboard; sourceTree = "<group>"; };
		7B0983862B59CDBA0043BB1E /* MovieSaver.xcdatamodel */ = {isa = PBXFileReference; lastKnownFileType = wrapper.xcdatamodel; path = MovieSaver.xcdatamodel; sourceTree = "<group>"; };
		7B0983882B59CDBC0043BB1E /* Assets.xcassets */ = {isa = PBXFileReference; lastKnownFileType = folder.assetcatalog; path = Assets.xcassets; sourceTree = "<group>"; };
		7B09838B2B59CDBC0043BB1E /* Base */ = {isa = PBXFileReference; lastKnownFileType = file.storyboard; name = Base; path = Base.lproj/LaunchScreen.storyboard; sourceTree = "<group>"; };
		7B09838D2B59CDBC0043BB1E /* Info.plist */ = {isa = PBXFileReference; lastKnownFileType = text.plist.xml; path = Info.plist; sourceTree = "<group>"; };
		7B0983942B59D2090043BB1E /* MovieListViewController.swift */ = {isa = PBXFileReference; lastKnownFileType = sourcecode.swift; path = MovieListViewController.swift; sourceTree = "<group>"; };
		7B0983962B59D2170043BB1E /* MovieListBuilder.swift */ = {isa = PBXFileReference; lastKnownFileType = sourcecode.swift; path = MovieListBuilder.swift; sourceTree = "<group>"; };
		7B0983982B59D2290043BB1E /* MovieListPresenter.swift */ = {isa = PBXFileReference; lastKnownFileType = sourcecode.swift; path = MovieListPresenter.swift; sourceTree = "<group>"; };
		7B09839C2B59D6230043BB1E /* UIColor + Extensions.swift */ = {isa = PBXFileReference; lastKnownFileType = sourcecode.swift; path = "UIColor + Extensions.swift"; sourceTree = "<group>"; };
		7B09839E2B59D6400043BB1E /* UIView + Extensions.swift */ = {isa = PBXFileReference; lastKnownFileType = sourcecode.swift; path = "UIView + Extensions.swift"; sourceTree = "<group>"; };
		7B0983A22B59DE510043BB1E /* MovieTableViewCell.swift */ = {isa = PBXFileReference; lastKnownFileType = sourcecode.swift; path = MovieTableViewCell.swift; sourceTree = "<group>"; };
		7B0983A42B59E5270043BB1E /* UIFont + Extensions.swift */ = {isa = PBXFileReference; lastKnownFileType = sourcecode.swift; path = "UIFont + Extensions.swift"; sourceTree = "<group>"; };
		7B0983A72B59E8280043BB1E /* Manrope-Medium.ttf */ = {isa = PBXFileReference; lastKnownFileType = file; path = "Manrope-Medium.ttf"; sourceTree = "<group>"; };
		7B0983A82B59E8280043BB1E /* Manrope-SemiBold.ttf */ = {isa = PBXFileReference; lastKnownFileType = file; path = "Manrope-SemiBold.ttf"; sourceTree = "<group>"; };
		7B0983A92B59E8280043BB1E /* Manrope-ExtraBold.ttf */ = {isa = PBXFileReference; lastKnownFileType = file; path = "Manrope-ExtraBold.ttf"; sourceTree = "<group>"; };
		7B0983AA2B59E8280043BB1E /* Manrope-Regular.ttf */ = {isa = PBXFileReference; lastKnownFileType = file; path = "Manrope-Regular.ttf"; sourceTree = "<group>"; };
		7B0983AB2B59E8280043BB1E /* Manrope-ExtraLight.ttf */ = {isa = PBXFileReference; lastKnownFileType = file; path = "Manrope-ExtraLight.ttf"; sourceTree = "<group>"; };
		7B0983AC2B59E8280043BB1E /* Manrope-Light.ttf */ = {isa = PBXFileReference; lastKnownFileType = file; path = "Manrope-Light.ttf"; sourceTree = "<group>"; };
		7B0983AD2B59E8280043BB1E /* Manrope-Bold.ttf */ = {isa = PBXFileReference; lastKnownFileType = file; path = "Manrope-Bold.ttf"; sourceTree = "<group>"; };
		7B0983B62B5A71480043BB1E /* MovieDetailsViewController.swift */ = {isa = PBXFileReference; lastKnownFileType = sourcecode.swift; path = MovieDetailsViewController.swift; sourceTree = "<group>"; };
		7B0983B82B5A71530043BB1E /* MovieDetailPresenter.swift */ = {isa = PBXFileReference; lastKnownFileType = sourcecode.swift; path = MovieDetailPresenter.swift; sourceTree = "<group>"; };
		7B0983BA2B5A715D0043BB1E /* MovieDetailsBuilder.swift */ = {isa = PBXFileReference; lastKnownFileType = sourcecode.swift; path = MovieDetailsBuilder.swift; sourceTree = "<group>"; };
/* End PBXFileReference section */

/* Begin PBXFrameworksBuildPhase section */
		7B0983762B59CDBA0043BB1E /* Frameworks */ = {
			isa = PBXFrameworksBuildPhase;
			buildActionMask = 2147483647;
			files = (
			);
			runOnlyForDeploymentPostprocessing = 0;
		};
/* End PBXFrameworksBuildPhase section */

/* Begin PBXGroup section */
		7B0983702B59CDBA0043BB1E = {
			isa = PBXGroup;
			children = (
				7B09837B2B59CDBA0043BB1E /* MovieSaver */,
				7B09837A2B59CDBA0043BB1E /* Products */,
			);
			sourceTree = "<group>";
		};
		7B09837A2B59CDBA0043BB1E /* Products */ = {
			isa = PBXGroup;
			children = (
				7B0983792B59CDBA0043BB1E /* MovieSaver.app */,
			);
			name = Products;
			sourceTree = "<group>";
		};
		7B09837B2B59CDBA0043BB1E /* MovieSaver */ = {
			isa = PBXGroup;
			children = (
				7B09839A2B59D60C0043BB1E /* Common */,
				7B0983932B59D1D60043BB1E /* MovieListViewController */,
				7B0983A02B59D6810043BB1E /* Resources */,
				7B0983822B59CDBA0043BB1E /* Main.storyboard */,
				7B09838A2B59CDBC0043BB1E /* LaunchScreen.storyboard */,
				7B09838D2B59CDBC0043BB1E /* Info.plist */,
				7B0983852B59CDBA0043BB1E /* MovieSaver.xcdatamodeld */,
			);
			path = MovieSaver;
			sourceTree = "<group>";
		};
		7B0983932B59D1D60043BB1E /* MovieListViewController */ = {
			isa = PBXGroup;
			children = (
				7B0983942B59D2090043BB1E /* MovieListViewController.swift */,
				7B0983982B59D2290043BB1E /* MovieListPresenter.swift */,
				7B0983962B59D2170043BB1E /* MovieListBuilder.swift */,
				7B0983B52B5A70EE0043BB1E /* MovieDetailsViewController */,
				7B0983A12B59DE340043BB1E /* Custom */,
			);
			path = MovieListViewController;
			sourceTree = "<group>";
		};
		7B09839A2B59D60C0043BB1E /* Common */ = {
			isa = PBXGroup;
			children = (
				7B09839B2B59D6130043BB1E /* Extensions */,
			);
			path = Common;
			sourceTree = "<group>";
		};
		7B09839B2B59D6130043BB1E /* Extensions */ = {
			isa = PBXGroup;
			children = (
				7B09839C2B59D6230043BB1E /* UIColor + Extensions.swift */,
				7B09839E2B59D6400043BB1E /* UIView + Extensions.swift */,
				7B0983A42B59E5270043BB1E /* UIFont + Extensions.swift */,
			);
			path = Extensions;
			sourceTree = "<group>";
		};
		7B0983A02B59D6810043BB1E /* Resources */ = {
			isa = PBXGroup;
			children = (
				7B0983A62B59E8280043BB1E /* Fonts */,
				7B09837C2B59CDBA0043BB1E /* AppDelegate.swift */,
				7B09837E2B59CDBA0043BB1E /* SceneDelegate.swift */,
				7B0983882B59CDBC0043BB1E /* Assets.xcassets */,
			);
			path = Resources;
			sourceTree = "<group>";
		};
		7B0983A12B59DE340043BB1E /* Custom */ = {
			isa = PBXGroup;
			children = (
				7B0983A22B59DE510043BB1E /* MovieTableViewCell.swift */,
			);
			path = Custom;
			sourceTree = "<group>";
		};
		7B0983A62B59E8280043BB1E /* Fonts */ = {
			isa = PBXGroup;
			children = (
				7B0983A72B59E8280043BB1E /* Manrope-Medium.ttf */,
				7B0983A82B59E8280043BB1E /* Manrope-SemiBold.ttf */,
				7B0983A92B59E8280043BB1E /* Manrope-ExtraBold.ttf */,
				7B0983AA2B59E8280043BB1E /* Manrope-Regular.ttf */,
				7B0983AB2B59E8280043BB1E /* Manrope-ExtraLight.ttf */,
				7B0983AC2B59E8280043BB1E /* Manrope-Light.ttf */,
				7B0983AD2B59E8280043BB1E /* Manrope-Bold.ttf */,
			);
			name = Fonts;
			path = MovieSaver/Resources/Fonts;
			sourceTree = SOURCE_ROOT;
		};
		7B0983B52B5A70EE0043BB1E /* MovieDetailsViewController */ = {
			isa = PBXGroup;
			children = (
				7B0983B62B5A71480043BB1E /* MovieDetailsViewController.swift */,
				7B0983B82B5A71530043BB1E /* MovieDetailPresenter.swift */,
				7B0983BA2B5A715D0043BB1E /* MovieDetailsBuilder.swift */,
			);
			path = MovieDetailsViewController;
			sourceTree = "<group>";
		};
/* End PBXGroup section */

/* Begin PBXNativeTarget section */
		7B0983782B59CDBA0043BB1E /* MovieSaver */ = {
			isa = PBXNativeTarget;
			buildConfigurationList = 7B0983902B59CDBC0043BB1E /* Build configuration list for PBXNativeTarget "MovieSaver" */;
			buildPhases = (
				7B0983752B59CDBA0043BB1E /* Sources */,
				7B0983762B59CDBA0043BB1E /* Frameworks */,
				7B0983772B59CDBA0043BB1E /* Resources */,
			);
			buildRules = (
			);
			dependencies = (
			);
			name = MovieSaver;
			productName = MovieSaver;
			productReference = 7B0983792B59CDBA0043BB1E /* MovieSaver.app */;
			productType = "com.apple.product-type.application";
		};
/* End PBXNativeTarget section */

/* Begin PBXProject section */
		7B0983712B59CDBA0043BB1E /* Project object */ = {
			isa = PBXProject;
			attributes = {
				BuildIndependentTargetsInParallel = 1;
				LastSwiftUpdateCheck = 1510;
				LastUpgradeCheck = 1510;
				TargetAttributes = {
					7B0983782B59CDBA0043BB1E = {
						CreatedOnToolsVersion = 15.1;
					};
				};
			};
			buildConfigurationList = 7B0983742B59CDBA0043BB1E /* Build configuration list for PBXProject "MovieSaver" */;
			compatibilityVersion = "Xcode 14.0";
			developmentRegion = en;
			hasScannedForEncodings = 0;
			knownRegions = (
				en,
				Base,
			);
			mainGroup = 7B0983702B59CDBA0043BB1E;
			productRefGroup = 7B09837A2B59CDBA0043BB1E /* Products */;
			projectDirPath = "";
			projectRoot = "";
			targets = (
				7B0983782B59CDBA0043BB1E /* MovieSaver */,
			);
		};
/* End PBXProject section */

/* Begin PBXResourcesBuildPhase section */
		7B0983772B59CDBA0043BB1E /* Resources */ = {
			isa = PBXResourcesBuildPhase;
			buildActionMask = 2147483647;
			files = (
				7B0983AF2B59E8280043BB1E /* Manrope-SemiBold.ttf in Resources */,
				7B09838C2B59CDBC0043BB1E /* LaunchScreen.storyboard in Resources */,
				7B0983892B59CDBC0043BB1E /* Assets.xcassets in Resources */,
				7B0983B02B59E8280043BB1E /* Manrope-ExtraBold.ttf in Resources */,
				7B0983AE2B59E8280043BB1E /* Manrope-Medium.ttf in Resources */,
				7B0983B22B59E8280043BB1E /* Manrope-ExtraLight.ttf in Resources */,
				7B0983B42B59E8280043BB1E /* Manrope-Bold.ttf in Resources */,
				7B0983842B59CDBA0043BB1E /* Main.storyboard in Resources */,
				7B0983B32B59E8280043BB1E /* Manrope-Light.ttf in Resources */,
				7B0983B12B59E8280043BB1E /* Manrope-Regular.ttf in Resources */,
			);
			runOnlyForDeploymentPostprocessing = 0;
		};
/* End PBXResourcesBuildPhase section */

/* Begin PBXSourcesBuildPhase section */
		7B0983752B59CDBA0043BB1E /* Sources */ = {
			isa = PBXSourcesBuildPhase;
			buildActionMask = 2147483647;
			files = (
				7B09839F2B59D6400043BB1E /* UIView + Extensions.swift in Sources */,
				7B0983BB2B5A715D0043BB1E /* MovieDetailsBuilder.swift in Sources */,
				7B0983872B59CDBA0043BB1E /* MovieSaver.xcdatamodeld in Sources */,
				7B0983A52B59E5270043BB1E /* UIFont + Extensions.swift in Sources */,
				7B0983A32B59DE510043BB1E /* MovieTableViewCell.swift in Sources */,
				7B0983992B59D2290043BB1E /* MovieListPresenter.swift in Sources */,
				7B0983B72B5A71480043BB1E /* MovieDetailsViewController.swift in Sources */,
				7B0983952B59D2090043BB1E /* MovieListViewController.swift in Sources */,
				7B0983B92B5A71530043BB1E /* MovieDetailPresenter.swift in Sources */,
				7B09839D2B59D6230043BB1E /* UIColor + Extensions.swift in Sources */,
				7B09837D2B59CDBA0043BB1E /* AppDelegate.swift in Sources */,
				7B0983972B59D2170043BB1E /* MovieListBuilder.swift in Sources */,
				7B09837F2B59CDBA0043BB1E /* SceneDelegate.swift in Sources */,
			);
			runOnlyForDeploymentPostprocessing = 0;
		};
/* End PBXSourcesBuildPhase section */

/* Begin PBXVariantGroup section */
		7B0983822B59CDBA0043BB1E /* Main.storyboard */ = {
			isa = PBXVariantGroup;
			children = (
				7B0983832B59CDBA0043BB1E /* Base */,
			);
			name = Main.storyboard;
			sourceTree = "<group>";
		};
		7B09838A2B59CDBC0043BB1E /* LaunchScreen.storyboard */ = {
			isa = PBXVariantGroup;
			children = (
				7B09838B2B59CDBC0043BB1E /* Base */,
			);
			name = LaunchScreen.storyboard;
			sourceTree = "<group>";
		};
/* End PBXVariantGroup section */

/* Begin XCBuildConfiguration section */
		7B09838E2B59CDBC0043BB1E /* Debug */ = {
			isa = XCBuildConfiguration;
			buildSettings = {
				ALWAYS_SEARCH_USER_PATHS = NO;
				ASSETCATALOG_COMPILER_GENERATE_SWIFT_ASSET_SYMBOL_EXTENSIONS = YES;
				CLANG_ANALYZER_NONNULL = YES;
				CLANG_ANALYZER_NUMBER_OBJECT_CONVERSION = YES_AGGRESSIVE;
				CLANG_CXX_LANGUAGE_STANDARD = "gnu++20";
				CLANG_ENABLE_MODULES = YES;
				CLANG_ENABLE_OBJC_ARC = YES;
				CLANG_ENABLE_OBJC_WEAK = YES;
				CLANG_WARN_BLOCK_CAPTURE_AUTORELEASING = YES;
				CLANG_WARN_BOOL_CONVERSION = YES;
				CLANG_WARN_COMMA = YES;
				CLANG_WARN_CONSTANT_CONVERSION = YES;
				CLANG_WARN_DEPRECATED_OBJC_IMPLEMENTATIONS = YES;
				CLANG_WARN_DIRECT_OBJC_ISA_USAGE = YES_ERROR;
				CLANG_WARN_DOCUMENTATION_COMMENTS = YES;
				CLANG_WARN_EMPTY_BODY = YES;
				CLANG_WARN_ENUM_CONVERSION = YES;
				CLANG_WARN_INFINITE_RECURSION = YES;
				CLANG_WARN_INT_CONVERSION = YES;
				CLANG_WARN_NON_LITERAL_NULL_CONVERSION = YES;
				CLANG_WARN_OBJC_IMPLICIT_RETAIN_SELF = YES;
				CLANG_WARN_OBJC_LITERAL_CONVERSION = YES;
				CLANG_WARN_OBJC_ROOT_CLASS = YES_ERROR;
				CLANG_WARN_QUOTED_INCLUDE_IN_FRAMEWORK_HEADER = YES;
				CLANG_WARN_RANGE_LOOP_ANALYSIS = YES;
				CLANG_WARN_STRICT_PROTOTYPES = YES;
				CLANG_WARN_SUSPICIOUS_MOVE = YES;
				CLANG_WARN_UNGUARDED_AVAILABILITY = YES_AGGRESSIVE;
				CLANG_WARN_UNREACHABLE_CODE = YES;
				CLANG_WARN__DUPLICATE_METHOD_MATCH = YES;
				COPY_PHASE_STRIP = NO;
				DEBUG_INFORMATION_FORMAT = dwarf;
				ENABLE_STRICT_OBJC_MSGSEND = YES;
				ENABLE_TESTABILITY = YES;
				ENABLE_USER_SCRIPT_SANDBOXING = YES;
				GCC_C_LANGUAGE_STANDARD = gnu17;
				GCC_DYNAMIC_NO_PIC = NO;
				GCC_NO_COMMON_BLOCKS = YES;
				GCC_OPTIMIZATION_LEVEL = 0;
				GCC_PREPROCESSOR_DEFINITIONS = (
					"DEBUG=1",
					"$(inherited)",
				);
				GCC_WARN_64_TO_32_BIT_CONVERSION = YES;
				GCC_WARN_ABOUT_RETURN_TYPE = YES_ERROR;
				GCC_WARN_UNDECLARED_SELECTOR = YES;
				GCC_WARN_UNINITIALIZED_AUTOS = YES_AGGRESSIVE;
				GCC_WARN_UNUSED_FUNCTION = YES;
				GCC_WARN_UNUSED_VARIABLE = YES;
				IPHONEOS_DEPLOYMENT_TARGET = 17.2;
				LOCALIZATION_PREFERS_STRING_CATALOGS = YES;
				MTL_ENABLE_DEBUG_INFO = INCLUDE_SOURCE;
				MTL_FAST_MATH = YES;
				ONLY_ACTIVE_ARCH = YES;
				SDKROOT = iphoneos;
				SWIFT_ACTIVE_COMPILATION_CONDITIONS = "DEBUG $(inherited)";
				SWIFT_OPTIMIZATION_LEVEL = "-Onone";
			};
			name = Debug;
		};
		7B09838F2B59CDBC0043BB1E /* Release */ = {
			isa = XCBuildConfiguration;
			buildSettings = {
				ALWAYS_SEARCH_USER_PATHS = NO;
				ASSETCATALOG_COMPILER_GENERATE_SWIFT_ASSET_SYMBOL_EXTENSIONS = YES;
				CLANG_ANALYZER_NONNULL = YES;
				CLANG_ANALYZER_NUMBER_OBJECT_CONVERSION = YES_AGGRESSIVE;
				CLANG_CXX_LANGUAGE_STANDARD = "gnu++20";
				CLANG_ENABLE_MODULES = YES;
				CLANG_ENABLE_OBJC_ARC = YES;
				CLANG_ENABLE_OBJC_WEAK = YES;
				CLANG_WARN_BLOCK_CAPTURE_AUTORELEASING = YES;
				CLANG_WARN_BOOL_CONVERSION = YES;
				CLANG_WARN_COMMA = YES;
				CLANG_WARN_CONSTANT_CONVERSION = YES;
				CLANG_WARN_DEPRECATED_OBJC_IMPLEMENTATIONS = YES;
				CLANG_WARN_DIRECT_OBJC_ISA_USAGE = YES_ERROR;
				CLANG_WARN_DOCUMENTATION_COMMENTS = YES;
				CLANG_WARN_EMPTY_BODY = YES;
				CLANG_WARN_ENUM_CONVERSION = YES;
				CLANG_WARN_INFINITE_RECURSION = YES;
				CLANG_WARN_INT_CONVERSION = YES;
				CLANG_WARN_NON_LITERAL_NULL_CONVERSION = YES;
				CLANG_WARN_OBJC_IMPLICIT_RETAIN_SELF = YES;
				CLANG_WARN_OBJC_LITERAL_CONVERSION = YES;
				CLANG_WARN_OBJC_ROOT_CLASS = YES_ERROR;
				CLANG_WARN_QUOTED_INCLUDE_IN_FRAMEWORK_HEADER = YES;
				CLANG_WARN_RANGE_LOOP_ANALYSIS = YES;
				CLANG_WARN_STRICT_PROTOTYPES = YES;
				CLANG_WARN_SUSPICIOUS_MOVE = YES;
				CLANG_WARN_UNGUARDED_AVAILABILITY = YES_AGGRESSIVE;
				CLANG_WARN_UNREACHABLE_CODE = YES;
				CLANG_WARN__DUPLICATE_METHOD_MATCH = YES;
				COPY_PHASE_STRIP = NO;
				DEBUG_INFORMATION_FORMAT = "dwarf-with-dsym";
				ENABLE_NS_ASSERTIONS = NO;
				ENABLE_STRICT_OBJC_MSGSEND = YES;
				ENABLE_USER_SCRIPT_SANDBOXING = YES;
				GCC_C_LANGUAGE_STANDARD = gnu17;
				GCC_NO_COMMON_BLOCKS = YES;
				GCC_WARN_64_TO_32_BIT_CONVERSION = YES;
				GCC_WARN_ABOUT_RETURN_TYPE = YES_ERROR;
				GCC_WARN_UNDECLARED_SELECTOR = YES;
				GCC_WARN_UNINITIALIZED_AUTOS = YES_AGGRESSIVE;
				GCC_WARN_UNUSED_FUNCTION = YES;
				GCC_WARN_UNUSED_VARIABLE = YES;
				IPHONEOS_DEPLOYMENT_TARGET = 17.2;
				LOCALIZATION_PREFERS_STRING_CATALOGS = YES;
				MTL_ENABLE_DEBUG_INFO = NO;
				MTL_FAST_MATH = YES;
				SDKROOT = iphoneos;
				SWIFT_COMPILATION_MODE = wholemodule;
				VALIDATE_PRODUCT = YES;
			};
			name = Release;
		};
		7B0983912B59CDBC0043BB1E /* Debug */ = {
			isa = XCBuildConfiguration;
			buildSettings = {
				ASSETCATALOG_COMPILER_APPICON_NAME = AppIcon;
				ASSETCATALOG_COMPILER_GLOBAL_ACCENT_COLOR_NAME = AccentColor;
				CODE_SIGN_STYLE = Automatic;
				CURRENT_PROJECT_VERSION = 1;
				GENERATE_INFOPLIST_FILE = YES;
				INFOPLIST_FILE = MovieSaver/Info.plist;
				INFOPLIST_KEY_UIApplicationSupportsIndirectInputEvents = YES;
				INFOPLIST_KEY_UILaunchStoryboardName = LaunchScreen;
				INFOPLIST_KEY_UIMainStoryboardFile = Main;
				INFOPLIST_KEY_UISupportedInterfaceOrientations_iPad = "UIInterfaceOrientationPortrait UIInterfaceOrientationPortraitUpsideDown UIInterfaceOrientationLandscapeLeft UIInterfaceOrientationLandscapeRight";
				INFOPLIST_KEY_UISupportedInterfaceOrientations_iPhone = "UIInterfaceOrientationPortrait UIInterfaceOrientationLandscapeLeft UIInterfaceOrientationLandscapeRight";
				LD_RUNPATH_SEARCH_PATHS = (
					"$(inherited)",
					"@executable_path/Frameworks",
				);
				MARKETING_VERSION = 1.0;
				PRODUCT_BUNDLE_IDENTIFIER = iseedeadpeople.MovieSaver;
				PRODUCT_NAME = "$(TARGET_NAME)";
				SWIFT_EMIT_LOC_STRINGS = YES;
				SWIFT_VERSION = 5.0;
				TARGETED_DEVICE_FAMILY = "1,2";
			};
			name = Debug;
		};
		7B0983922B59CDBC0043BB1E /* Release */ = {
			isa = XCBuildConfiguration;
			buildSettings = {
				ASSETCATALOG_COMPILER_APPICON_NAME = AppIcon;
				ASSETCATALOG_COMPILER_GLOBAL_ACCENT_COLOR_NAME = AccentColor;
				CODE_SIGN_STYLE = Automatic;
				CURRENT_PROJECT_VERSION = 1;
				GENERATE_INFOPLIST_FILE = YES;
				INFOPLIST_FILE = MovieSaver/Info.plist;
				INFOPLIST_KEY_UIApplicationSupportsIndirectInputEvents = YES;
				INFOPLIST_KEY_UILaunchStoryboardName = LaunchScreen;
				INFOPLIST_KEY_UIMainStoryboardFile = Main;
				INFOPLIST_KEY_UISupportedInterfaceOrientations_iPad = "UIInterfaceOrientationPortrait UIInterfaceOrientationPortraitUpsideDown UIInterfaceOrientationLandscapeLeft UIInterfaceOrientationLandscapeRight";
				INFOPLIST_KEY_UISupportedInterfaceOrientations_iPhone = "UIInterfaceOrientationPortrait UIInterfaceOrientationLandscapeLeft UIInterfaceOrientationLandscapeRight";
				LD_RUNPATH_SEARCH_PATHS = (
					"$(inherited)",
					"@executable_path/Frameworks",
				);
				MARKETING_VERSION = 1.0;
				PRODUCT_BUNDLE_IDENTIFIER = iseedeadpeople.MovieSaver;
				PRODUCT_NAME = "$(TARGET_NAME)";
				SWIFT_EMIT_LOC_STRINGS = YES;
				SWIFT_VERSION = 5.0;
				TARGETED_DEVICE_FAMILY = "1,2";
			};
			name = Release;
		};
/* End XCBuildConfiguration section */

/* Begin XCConfigurationList section */
		7B0983742B59CDBA0043BB1E /* Build configuration list for PBXProject "MovieSaver" */ = {
			isa = XCConfigurationList;
			buildConfigurations = (
				7B09838E2B59CDBC0043BB1E /* Debug */,
				7B09838F2B59CDBC0043BB1E /* Release */,
			);
			defaultConfigurationIsVisible = 0;
			defaultConfigurationName = Release;
		};
		7B0983902B59CDBC0043BB1E /* Build configuration list for PBXNativeTarget "MovieSaver" */ = {
			isa = XCConfigurationList;
			buildConfigurations = (
				7B0983912B59CDBC0043BB1E /* Debug */,
				7B0983922B59CDBC0043BB1E /* Release */,
			);
			defaultConfigurationIsVisible = 0;
			defaultConfigurationName = Release;
		};
/* End XCConfigurationList section */

/* Begin XCVersionGroup section */
		7B0983852B59CDBA0043BB1E /* MovieSaver.xcdatamodeld */ = {
			isa = XCVersionGroup;
			children = (
				7B0983862B59CDBA0043BB1E /* MovieSaver.xcdatamodel */,
			);
			currentVersion = 7B0983862B59CDBA0043BB1E /* MovieSaver.xcdatamodel */;
			path = MovieSaver.xcdatamodeld;
			sourceTree = "<group>";
			versionGroupType = wrapper.xcdatamodel;
		};
/* End XCVersionGroup section */
	};
	rootObject = 7B0983712B59CDBA0043BB1E /* Project object */;
}
